
Microsoft Visual Studio Solution File, Format Version 12.00
# Visual Studio Version 16
VisualStudioVersion = 16.0.29025.244
MinimumVisualStudioVersion = 10.0.40219.1
Project("{FAE04EC0-301F-11D3-BF4B-00C04F79EFBC}") = "TicketKeeper", "TicketKeeper.csproj", "{D1EE85C1-1C16-4DB1-B98D-ABCA7D03B16A}"
EndProject
Global
	GlobalSection(SolutionConfigurationPlatforms) = preSolution
		Debug|Any CPU = Debug|Any CPU
		Release|Any CPU = Release|Any CPU
	EndGlobalSection
	GlobalSection(ProjectConfigurationPlatforms) = postSolution
		{D1EE85C1-1C16-4DB1-B98D-ABCA7D03B16A}.Debug|Any CPU.ActiveCfg = Debug|Any CPU
		{D1EE85C1-1C16-4DB1-B98D-ABCA7D03B16A}.Debug|Any CPU.Build.0 = Debug|Any CPU
		{D1EE85C1-1C16-4DB1-B98D-ABCA7D03B16A}.Release|Any CPU.ActiveCfg = Release|Any CPU
		{D1EE85C1-1C16-4DB1-B98D-ABCA7D03B16A}.Release|Any CPU.Build.0 = Release|Any CPU
	EndGlobalSection
	GlobalSection(SolutionProperties) = preSolution
		HideSolutionNode = FALSE
	EndGlobalSection
	GlobalSection(ExtensibilityGlobals) = postSolution
		SolutionGuid = {BDCB5023-2F42-4D77-B09F-DCB40038DB62}
	EndGlobalSection
EndGlobal
